speakeasyVersion: 1.484.1
sources:
    Discord-OAS:
        sourceNamespace: discord-oas
        sourceRevisionDigest: sha256:b06e9767bcd7ffffbc3c5866a749e160f9ad40060db882b0e1241bf9194f9d01
        sourceBlobDigest: sha256:fee7cea09ac3c79cd8ee1a7ae85bf60db3e173c66e00a6bdd8b7dff5387ce10d
        tags:
            - latest
            - main
targets:
    discord:
        source: Discord-OAS
        sourceNamespace: discord-oas
        sourceRevisionDigest: sha256:b06e9767bcd7ffffbc3c5866a749e160f9ad40060db882b0e1241bf9194f9d01
        sourceBlobDigest: sha256:fee7cea09ac3c79cd8ee1a7ae85bf60db3e173c66e00a6bdd8b7dff5387ce10d
workflow:
    workflowVersion: 1.0.0
    speakeasyVersion: latest
    sources:
        Discord-OAS:
            inputs:
                - location: https://raw.githubusercontent.com/discord/discord-api-spec/refs/heads/main/specs/openapi.json
            overlays:
                - location: .speakeasy/fixes-overlay.yaml
                - location: .speakeasy/speakeasy-modifications-overlay.yaml
            output: .speakeasy/output-spec.yaml
            registry:
                location: registry.speakeasyapi.dev/ryan-blunden-l5y/ryan.blunden/discord-oas
    targets:
        discord:
            target: typescript
            source: Discord-OAS
            publish:
                npm:
                    token: $npm_token
            codeSamples:
                registry:
                    location: registry.speakeasyapi.dev/ryan-blunden-l5y/ryan.blunden/discord-oas-typescript-code-samples
                blocking: false
